// !$*UTF8*$!
{
	archiveVersion = 1;
	classes = {
	};
	objectVersion = 46;
	objects = {

/* Begin PBXBuildFile section */
		46B12C37199B4CB300CBDB32 /* Foundation.framework in Frameworks */ = {isa = PBXBuildFile; fileRef = 46B12C36199B4CB300CBDB32 /* Foundation.framework */; };
		46B12C39199B4CB300CBDB32 /* CoreGraphics.framework in Frameworks */ = {isa = PBXBuildFile; fileRef = 46B12C38199B4CB300CBDB32 /* CoreGraphics.framework */; };
		46B12C3B199B4CB300CBDB32 /* UIKit.framework in Frameworks */ = {isa = PBXBuildFile; fileRef = 46B12C3A199B4CB300CBDB32 /* UIKit.framework */; };
		46B12C41199B4CB300CBDB32 /* InfoPlist.strings in Resources */ = {isa = PBXBuildFile; fileRef = 46B12C3F199B4CB300CBDB32 /* InfoPlist.strings */; };
		46B12C43199B4CB300CBDB32 /* main.m in Sources */ = {isa = PBXBuildFile; fileRef = 46B12C42199B4CB300CBDB32 /* main.m */; };
		46B12C47199B4CB300CBDB32 /* AppDelegate.m in Sources */ = {isa = PBXBuildFile; fileRef = 46B12C46199B4CB300CBDB32 /* AppDelegate.m */; };
		46B12C4A199B4CB300CBDB32 /* Main.storyboard in Resources */ = {isa = PBXBuildFile; fileRef = 46B12C48199B4CB300CBDB32 /* Main.storyboard */; };
		46B12C50199B4CB300CBDB32 /* ViewController.m in Sources */ = {isa = PBXBuildFile; fileRef = 46B12C4F199B4CB300CBDB32 /* ViewController.m */; };
		46B12C52199B4CB300CBDB32 /* Images.xcassets in Resources */ = {isa = PBXBuildFile; fileRef = 46B12C51199B4CB300CBDB32 /* Images.xcassets */; };
		46B12C59199B4CB300CBDB32 /* XCTest.framework in Frameworks */ = {isa = PBXBuildFile; fileRef = 46B12C58199B4CB300CBDB32 /* XCTest.framework */; };
		46B12C5A199B4CB300CBDB32 /* Foundation.framework in Frameworks */ = {isa = PBXBuildFile; fileRef = 46B12C36199B4CB300CBDB32 /* Foundation.framework */; };
		46B12C5B199B4CB300CBDB32 /* UIKit.framework in Frameworks */ = {isa = PBXBuildFile; fileRef = 46B12C3A199B4CB300CBDB32 /* UIKit.framework */; };
		46B12C63199B4CB300CBDB32 /* InfoPlist.strings in Resources */ = {isa = PBXBuildFile; fileRef = 46B12C61199B4CB300CBDB32 /* InfoPlist.strings */; };
		46B12C65199B4CB300CBDB32 /* ImageCropSampleTests.m in Sources */ = {isa = PBXBuildFile; fileRef = 46B12C64199B4CB300CBDB32 /* ImageCropSampleTests.m */; };
		46B12C71199B4E2800CBDB32 /* YMNImageCropViewController.m in Sources */ = {isa = PBXBuildFile; fileRef = 46B12C70199B4E2800CBDB32 /* YMNImageCropViewController.m */; };
		46B12C74199B4E5100CBDB32 /* YMNImageCropView.m in Sources */ = {isa = PBXBuildFile; fileRef = 46B12C73199B4E5100CBDB32 /* YMNImageCropView.m */; };
/* End PBXBuildFile section */

/* Begin PBXContainerItemProxy section */
		46B12C5C199B4CB300CBDB32 /* PBXContainerItemProxy */ = {
			isa = PBXContainerItemProxy;
			containerPortal = 46B12C2B199B4CB300CBDB32 /* Project object */;
			proxyType = 1;
			remoteGlobalIDString = 46B12C32199B4CB300CBDB32;
			remoteInfo = ImageCropSample;
		};
/* End PBXContainerItemProxy section */

/* Begin PBXFileReference section */
		46B12C33199B4CB300CBDB32 /* ImageCropSample.app */ = {isa = PBXFileReference; explicitFileType = wrapper.application; includeInIndex = 0; path = ImageCropSample.app; sourceTree = BUILT_PRODUCTS_DIR; };
		46B12C36199B4CB300CBDB32 /* Foundation.framework */ = {isa = PBXFileReference; lastKnownFileType = wrapper.framework; name = Foundation.framework; path = System/Library/Frameworks/Foundation.framework; sourceTree = SDKROOT; };
		46B12C38199B4CB300CBDB32 /* CoreGraphics.framework */ = {isa = PBXFileReference; lastKnownFileType = wrapper.framework; name = CoreGraphics.framework; path = System/Library/Frameworks/CoreGraphics.framework; sourceTree = SDKROOT; };
		46B12C3A199B4CB300CBDB32 /* UIKit.framework */ = {isa = PBXFileReference; lastKnownFileType = wrapper.framework; name = UIKit.framework; path = System/Library/Frameworks/UIKit.framework; sourceTree = SDKROOT; };
		46B12C3E199B4CB300CBDB32 /* ImageCropSample-Info.plist */ = {isa = PBXFileReference; lastKnownFileType = text.plist.xml; path = "ImageCropSample-Info.plist"; sourceTree = "<group>"; };
		46B12C40199B4CB300CBDB32 /* en */ = {isa = PBXFileReference; lastKnownFileType = text.plist.strings; name = en; path = en.lproj/InfoPlist.strings; sourceTree = "<group>"; };
		46B12C42199B4CB300CBDB32 /* main.m */ = {isa = PBXFileReference; lastKnownFileType = sourcecode.c.objc; path = main.m; sourceTree = "<group>"; };
		46B12C44199B4CB300CBDB32 /* ImageCropSample-Prefix.pch */ = {isa = PBXFileReference; lastKnownFileType = sourcecode.c.h; path = "ImageCropSample-Prefix.pch"; sourceTree = "<group>"; };
		46B12C45199B4CB300CBDB32 /* AppDelegate.h */ = {isa = PBXFileReference; lastKnownFileType = sourcecode.c.h; path = AppDelegate.h; sourceTree = "<group>"; };
		46B12C46199B4CB300CBDB32 /* AppDelegate.m */ = {isa = PBXFileReference; lastKnownFileType = sourcecode.c.objc; path = AppDelegate.m; sourceTree = "<group>"; };
		46B12C49199B4CB300CBDB32 /* Base */ = {isa = PBXFileReference; lastKnownFileType = file.storyboard; name = Base; path = Base.lproj/Main.storyboard; sourceTree = "<group>"; };
		46B12C4E199B4CB300CBDB32 /* ViewController.h */ = {isa = PBXFileReference; lastKnownFileType = sourcecode.c.h; path = ViewController.h; sourceTree = "<group>"; };
		46B12C4F199B4CB300CBDB32 /* ViewController.m */ = {isa = PBXFileReference; lastKnownFileType = sourcecode.c.objc; path = ViewController.m; sourceTree = "<group>"; };
		46B12C51199B4CB300CBDB32 /* Images.xcassets */ = {isa = PBXFileReference; lastKnownFileType = folder.assetcatalog; path = Images.xcassets; sourceTree = "<group>"; };
		46B12C57199B4CB300CBDB32 /* ImageCropSampleTests.xctest */ = {isa = PBXFileReference; explicitFileType = wrapper.cfbundle; includeInIndex = 0; path = ImageCropSampleTests.xctest; sourceTree = BUILT_PRODUCTS_DIR; };
		46B12C58199B4CB300CBDB32 /* XCTest.framework */ = {isa = PBXFileReference; lastKnownFileType = wrapper.framework; name = XCTest.framework; path = Library/Frameworks/XCTest.framework; sourceTree = DEVELOPER_DIR; };
		46B12C60199B4CB300CBDB32 /* ImageCropSampleTests-Info.plist */ = {isa = PBXFileReference; lastKnownFileType = text.plist.xml; path = "ImageCropSampleTests-Info.plist"; sourceTree = "<group>"; };
		46B12C62199B4CB300CBDB32 /* en */ = {isa = PBXFileReference; lastKnownFileType = text.plist.strings; name = en; path = en.lproj/InfoPlist.strings; sourceTree = "<group>"; };
		46B12C64199B4CB300CBDB32 /* ImageCropSampleTests.m */ = {isa = PBXFileReference; lastKnownFileType = sourcecode.c.objc; path = ImageCropSampleTests.m; sourceTree = "<group>"; };
		46B12C6F199B4E2800CBDB32 /* YMNImageCropViewController.h */ = {isa = PBXFileReference; fileEncoding = 4; lastKnownFileType = sourcecode.c.h; path = YMNImageCropViewController.h; sourceTree = "<group>"; };
		46B12C70199B4E2800CBDB32 /* YMNImageCropViewController.m */ = {isa = PBXFileReference; fileEncoding = 4; lastKnownFileType = sourcecode.c.objc; path = YMNImageCropViewController.m; sourceTree = "<group>"; };
		46B12C72199B4E5100CBDB32 /* YMNImageCropView.h */ = {isa = PBXFileReference; fileEncoding = 4; lastKnownFileType = sourcecode.c.h; path = YMNImageCropView.h; sourceTree = "<group>"; };
		46B12C73199B4E5100CBDB32 /* YMNImageCropView.m */ = {isa = PBXFileReference; fileEncoding = 4; lastKnownFileType = sourcecode.c.objc; path = YMNImageCropView.m; sourceTree = "<group>"; };
/* End PBXFileReference section */

/* Begin PBXFrameworksBuildPhase section */
		46B12C30199B4CB300CBDB32 /* Frameworks */ = {
			isa = PBXFrameworksBuildPhase;
			buildActionMask = 2147483647;
			files = (
				46B12C39199B4CB300CBDB32 /* CoreGraphics.framework in Frameworks */,
				46B12C3B199B4CB300CBDB32 /* UIKit.framework in Frameworks */,
				46B12C37199B4CB300CBDB32 /* Foundation.framework in Frameworks */,
			);
			runOnlyForDeploymentPostprocessing = 0;
		};
		46B12C54199B4CB300CBDB32 /* Frameworks */ = {
			isa = PBXFrameworksBuildPhase;
			buildActionMask = 2147483647;
			files = (
				46B12C59199B4CB300CBDB32 /* XCTest.framework in Frameworks */,
				46B12C5B199B4CB300CBDB32 /* UIKit.framework in Frameworks */,
				46B12C5A199B4CB300CBDB32 /* Foundation.framework in Frameworks */,
			);
			runOnlyForDeploymentPostprocessing = 0;
		};
/* End PBXFrameworksBuildPhase section */

/* Begin PBXGroup section */
		46B12C2A199B4CB300CBDB32 = {
			isa = PBXGroup;
			children = (
				46B12C3C199B4CB300CBDB32 /* ImageCropSample */,
				46B12C5E199B4CB300CBDB32 /* ImageCropSampleTests */,
				46B12C35199B4CB300CBDB32 /* Frameworks */,
				46B12C34199B4CB300CBDB32 /* Products */,
			);
			sourceTree = "<group>";
		};
		46B12C34199B4CB300CBDB32 /* Products */ = {
			isa = PBXGroup;
			children = (
				46B12C33199B4CB300CBDB32 /* ImageCropSample.app */,
				46B12C57199B4CB300CBDB32 /* ImageCropSampleTests.xctest */,
			);
			name = Products;
			sourceTree = "<group>";
		};
		46B12C35199B4CB300CBDB32 /* Frameworks */ = {
			isa = PBXGroup;
			children = (
				46B12C36199B4CB300CBDB32 /* Foundation.framework */,
				46B12C38199B4CB300CBDB32 /* CoreGraphics.framework */,
				46B12C3A199B4CB300CBDB32 /* UIKit.framework */,
				46B12C58199B4CB300CBDB32 /* XCTest.framework */,
			);
			name = Frameworks;
			sourceTree = "<group>";
		};
		46B12C3C199B4CB300CBDB32 /* ImageCropSample */ = {
			isa = PBXGroup;
			children = (
				46B12C6E199B4E0300CBDB32 /* ImageCropView */,
				46B12C45199B4CB300CBDB32 /* AppDelegate.h */,
				46B12C46199B4CB300CBDB32 /* AppDelegate.m */,
				46B12C48199B4CB300CBDB32 /* Main.storyboard */,
				46B12C4E199B4CB300CBDB32 /* ViewController.h */,
				46B12C4F199B4CB300CBDB32 /* ViewController.m */,
				46B12C51199B4CB300CBDB32 /* Images.xcassets */,
				46B12C3D199B4CB300CBDB32 /* Supporting Files */,
			);
			path = ImageCropSample;
			sourceTree = "<group>";
		};
		46B12C3D199B4CB300CBDB32 /* Supporting Files */ = {
			isa = PBXGroup;
			children = (
				46B12C3E199B4CB300CBDB32 /* ImageCropSample-Info.plist */,
				46B12C3F199B4CB300CBDB32 /* InfoPlist.strings */,
				46B12C42199B4CB300CBDB32 /* main.m */,
				46B12C44199B4CB300CBDB32 /* ImageCropSample-Prefix.pch */,
			);
			name = "Supporting Files";
			sourceTree = "<group>";
		};
		46B12C5E199B4CB300CBDB32 /* ImageCropSampleTests */ = {
			isa = PBXGroup;
			children = (
				46B12C64199B4CB300CBDB32 /* ImageCropSampleTests.m */,
				46B12C5F199B4CB300CBDB32 /* Supporting Files */,
			);
			path = ImageCropSampleTests;
			sourceTree = "<group>";
		};
		46B12C5F199B4CB300CBDB32 /* Supporting Files */ = {
			isa = PBXGroup;
			children = (
				46B12C60199B4CB300CBDB32 /* ImageCropSampleTests-Info.plist */,
				46B12C61199B4CB300CBDB32 /* InfoPlist.strings */,
			);
			name = "Supporting Files";
			sourceTree = "<group>";
		};
		46B12C6E199B4E0300CBDB32 /* ImageCropView */ = {
			isa = PBXGroup;
			children = (
				46B12C6F199B4E2800CBDB32 /* YMNImageCropViewController.h */,
				46B12C70199B4E2800CBDB32 /* YMNImageCropViewController.m */,
				46B12C72199B4E5100CBDB32 /* YMNImageCropView.h */,
				46B12C73199B4E5100CBDB32 /* YMNImageCropView.m */,
			);
			path = ImageCropView;
			sourceTree = "<group>";
		};
/* End PBXGroup section */

/* Begin PBXNativeTarget section */
		46B12C32199B4CB300CBDB32 /* ImageCropSample */ = {
			isa = PBXNativeTarget;
			buildConfigurationList = 46B12C68199B4CB300CBDB32 /* Build configuration list for PBXNativeTarget "ImageCropSample" */;
			buildPhases = (
				46B12C2F199B4CB300CBDB32 /* Sources */,
				46B12C30199B4CB300CBDB32 /* Frameworks */,
				46B12C31199B4CB300CBDB32 /* Resources */,
			);
			buildRules = (
			);
			dependencies = (
			);
			name = ImageCropSample;
			productName = ImageCropSample;
			productReference = 46B12C33199B4CB300CBDB32 /* ImageCropSample.app */;
			productType = "com.apple.product-type.application";
		};
		46B12C56199B4CB300CBDB32 /* ImageCropSampleTests */ = {
			isa = PBXNativeTarget;
			buildConfigurationList = 46B12C6B199B4CB300CBDB32 /* Build configuration list for PBXNativeTarget "ImageCropSampleTests" */;
			buildPhases = (
				46B12C53199B4CB300CBDB32 /* Sources */,
				46B12C54199B4CB300CBDB32 /* Frameworks */,
				46B12C55199B4CB300CBDB32 /* Resources */,
			);
			buildRules = (
			);
			dependencies = (
				46B12C5D199B4CB300CBDB32 /* PBXTargetDependency */,
			);
			name = ImageCropSampleTests;
			productName = ImageCropSampleTests;
			productReference = 46B12C57199B4CB300CBDB32 /* ImageCropSampleTests.xctest */;
			productType = "com.apple.product-type.bundle.unit-test";
		};
/* End PBXNativeTarget section */

/* Begin PBXProject section */
		46B12C2B199B4CB300CBDB32 /* Project object */ = {
			isa = PBXProject;
			attributes = {
				LastUpgradeCheck = 0510;
				ORGANIZATIONNAME = "新谷　よしみ";
				TargetAttributes = {
					46B12C56199B4CB300CBDB32 = {
						TestTargetID = 46B12C32199B4CB300CBDB32;
					};
				};
			};
			buildConfigurationList = 46B12C2E199B4CB300CBDB32 /* Build configuration list for PBXProject "ImageCropSample" */;
			compatibilityVersion = "Xcode 3.2";
			developmentRegion = English;
			hasScannedForEncodings = 0;
			knownRegions = (
				en,
				Base,
			);
			mainGroup = 46B12C2A199B4CB300CBDB32;
			productRefGroup = 46B12C34199B4CB300CBDB32 /* Products */;
			projectDirPath = "";
			projectRoot = "";
			targets = (
				46B12C32199B4CB300CBDB32 /* ImageCropSample */,
				46B12C56199B4CB300CBDB32 /* ImageCropSampleTests */,
			);
		};
/* End PBXProject section */

/* Begin PBXResourcesBuildPhase section */
		46B12C31199B4CB300CBDB32 /* Resources */ = {
			isa = PBXResourcesBuildPhase;
			buildActionMask = 2147483647;
			files = (
				46B12C52199B4CB300CBDB32 /* Images.xcassets in Resources */,
				46B12C4A199B4CB300CBDB32 /* Main.storyboard in Resources */,
				46B12C41199B4CB300CBDB32 /* InfoPlist.strings in Resources */,
			);
			runOnlyForDeploymentPostprocessing = 0;
		};
		46B12C55199B4CB300CBDB32 /* Resources */ = {
			isa = PBXResourcesBuildPhase;
			buildActionMask = 2147483647;
			files = (
				46B12C63199B4CB300CBDB32 /* InfoPlist.strings in Resources */,
			);
			runOnlyForDeploymentPostprocessing = 0;
		};
/* End PBXResourcesBuildPhase section */

/* Begin PBXSourcesBuildPhase section */
		46B12C2F199B4CB300CBDB32 /* Sources */ = {
			isa = PBXSourcesBuildPhase;
			buildActionMask = 2147483647;
			files = (
				46B12C50199B4CB300CBDB32 /* ViewController.m in Sources */,
				46B12C74199B4E5100CBDB32 /* YMNImageCropView.m in Sources */,
				46B12C47199B4CB300CBDB32 /* AppDelegate.m in Sources */,
				46B12C71199B4E2800CBDB32 /* YMNImageCropViewController.m in Sources */,
				46B12C43199B4CB300CBDB32 /* main.m in Sources */,
			);
			runOnlyForDeploymentPostprocessing = 0;
		};
		46B12C53199B4CB300CBDB32 /* Sources */ = {
			isa = PBXSourcesBuildPhase;
			buildActionMask = 2147483647;
			files = (
				46B12C65199B4CB300CBDB32 /* ImageCropSampleTests.m in Sources */,
			);
			runOnlyForDeploymentPostprocessing = 0;
		};
/* End PBXSourcesBuildPhase section */

/* Begin PBXTargetDependency section */
		46B12C5D199B4CB300CBDB32 /* PBXTargetDependency */ = {
			isa = PBXTargetDependency;
			target = 46B12C32199B4CB300CBDB32 /* ImageCropSample */;
			targetProxy = 46B12C5C199B4CB300CBDB32 /* PBXContainerItemProxy */;
		};
/* End PBXTargetDependency section */

/* Begin PBXVariantGroup section */
		46B12C3F199B4CB300CBDB32 /* InfoPlist.strings */ = {
			isa = PBXVariantGroup;
			children = (
				46B12C40199B4CB300CBDB32 /* en */,
			);
			name = InfoPlist.strings;
			sourceTree = "<group>";
		};
		46B12C48199B4CB300CBDB32 /* Main.storyboard */ = {
			isa = PBXVariantGroup;
			children = (
				46B12C49199B4CB300CBDB32 /* Base */,
			);
			name = Main.storyboard;
			sourceTree = "<group>";
		};
		46B12C61199B4CB300CBDB32 /* InfoPlist.strings */ = {
			isa = PBXVariantGroup;
			children = (
				46B12C62199B4CB300CBDB32 /* en */,
			);
			name = InfoPlist.strings;
			sourceTree = "<group>";
		};
/* End PBXVariantGroup section */

/* Begin XCBuildConfiguration section */
		46B12C66199B4CB300CBDB32 /* Debug */ = {
			isa = XCBuildConfiguration;
			buildSettings = {
				ALWAYS_SEARCH_USER_PATHS = NO;
				CLANG_CXX_LANGUAGE_STANDARD = "gnu++0x";
				CLANG_CXX_LIBRARY = "libc++";
				CLANG_ENABLE_MODULES = YES;
				CLANG_ENABLE_OBJC_ARC = YES;
				CLANG_WARN_BOOL_CONVERSION = YES;
				CLANG_WARN_CONSTANT_CONVERSION = YES;
				CLANG_WARN_DIRECT_OBJC_ISA_USAGE = YES_ERROR;
				CLANG_WARN_EMPTY_BODY = YES;
				CLANG_WARN_ENUM_CONVERSION = YES;
				CLANG_WARN_INT_CONVERSION = YES;
				CLANG_WARN_OBJC_ROOT_CLASS = YES_ERROR;
				CLANG_WARN__DUPLICATE_METHOD_MATCH = YES;
				"CODE_SIGN_IDENTITY[sdk=iphoneos*]" = "iPhone Developer";
				COPY_PHASE_STRIP = NO;
				GCC_C_LANGUAGE_STANDARD = gnu99;
				GCC_DYNAMIC_NO_PIC = NO;
				GCC_OPTIMIZATION_LEVEL = 0;
				GCC_PREPROCESSOR_DEFINITIONS = (
					"DEBUG=1",
					"$(inherited)",
				);
				GCC_SYMBOLS_PRIVATE_EXTERN = NO;
				GCC_WARN_64_TO_32_BIT_CONVERSION = YES;
				GCC_WARN_ABOUT_RETURN_TYPE = YES_ERROR;
				GCC_WARN_UNDECLARED_SELECTOR = YES;
				GCC_WARN_UNINITIALIZED_AUTOS = YES_AGGRESSIVE;
				GCC_WARN_UNUSED_FUNCTION = YES;
				GCC_WARN_UNUSED_VARIABLE = YES;
				IPHONEOS_DEPLOYMENT_TARGET = 7.1;
				ONLY_ACTIVE_ARCH = YES;
				SDKROOT = iphoneos;
				TARGETED_DEVICE_FAMILY = "1,2";
			};
			name = Debug;
		};
		46B12C67199B4CB300CBDB32 /* Release */ = {
			isa = XCBuildConfiguration;
			buildSettings = {
				ALWAYS_SEARCH_USER_PATHS = NO;
				CLANG_CXX_LANGUAGE_STANDARD = "gnu++0x";
				CLANG_CXX_LIBRARY = "libc++";
				CLANG_ENABLE_MODULES = YES;
				CLANG_ENABLE_OBJC_ARC = YES;
				CLANG_WARN_BOOL_CONVERSION = YES;
				CLANG_WARN_CONSTANT_CONVERSION = YES;
				CLANG_WARN_DIRECT_OBJC_ISA_USAGE = YES_ERROR;
				CLANG_WARN_EMPTY_BODY = YES;
				CLANG_WARN_ENUM_CONVERSION = YES;
				CLANG_WARN_INT_CONVERSION = YES;
				CLANG_WARN_OBJC_ROOT_CLASS = YES_ERROR;
				CLANG_WARN__DUPLICATE_METHOD_MATCH = YES;
				"CODE_SIGN_IDENTITY[sdk=iphoneos*]" = "iPhone Developer";
				COPY_PHASE_STRIP = YES;
				ENABLE_NS_ASSERTIONS = NO;
				GCC_C_LANGUAGE_STANDARD = gnu99;
				GCC_WARN_64_TO_32_BIT_CONVERSION = YES;
				GCC_WARN_ABOUT_RETURN_TYPE = YES_ERROR;
				GCC_WARN_UNDECLARED_SELECTOR = YES;
				GCC_WARN_UNINITIALIZED_AUTOS = YES_AGGRESSIVE;
				GCC_WARN_UNUSED_FUNCTION = YES;
				GCC_WARN_UNUSED_VARIABLE = YES;
				IPHONEOS_DEPLOYMENT_TARGET = 7.1;
				SDKROOT = iphoneos;
				TARGETED_DEVICE_FAMILY = "1,2";
				VALIDATE_PRODUCT = YES;
			};
			name = Release;
		};
		46B12C69199B4CB300CBDB32 /* Debug */ = {
			isa = XCBuildConfiguration;
			buildSettings = {
				ASSETCATALOG_COMPILER_APPICON_NAME = AppIcon;
				ASSETCATALOG_COMPILER_LAUNCHIMAGE_NAME = LaunchImage;
				GCC_PRECOMPILE_PREFIX_HEADER = YES;
				GCC_PREFIX_HEADER = "ImageCropSample/ImageCropSample-Prefix.pch";
				INFOPLIST_FILE = "ImageCropSample/ImageCropSample-Info.plist";
				PRODUCT_NAME = "$(TARGET_NAME)";
				WRAPPER_EXTENSION = app;
			};
			name = Debug;
		};
		46B12C6A199B4CB300CBDB32 /* Release */ = {
			isa = XCBuildConfiguration;
			buildSettings = {
				ASSETCATALOG_COMPILER_APPICON_NAME = AppIcon;
				ASSETCATALOG_COMPILER_LAUNCHIMAGE_NAME = LaunchImage;
				GCC_PRECOMPILE_PREFIX_HEADER = YES;
				GCC_PREFIX_HEADER = "ImageCropSample/ImageCropSample-Prefix.pch";
				INFOPLIST_FILE = "ImageCropSample/ImageCropSample-Info.plist";
				PRODUCT_NAME = "$(TARGET_NAME)";
				WRAPPER_EXTENSION = app;
			};
			name = Release;
		};
		46B12C6C199B4CB300CBDB32 /* Debug */ = {
			isa = XCBuildConfiguration;
			buildSettings = {
				BUNDLE_LOADER = "$(BUILT_PRODUCTS_DIR)/ImageCropSample.app/ImageCropSample";
				FRAMEWORK_SEARCH_PATHS = (
					"$(SDKROOT)/Developer/Library/Frameworks",
					"$(inherited)",
					"$(DEVELOPER_FRAMEWORKS_DIR)",
				);
				GCC_PRECOMPILE_PREFIX_HEADER = YES;
				GCC_PREFIX_HEADER = "ImageCropSample/ImageCropSample-Prefix.pch";
				GCC_PREPROCESSOR_DEFINITIONS = (
					"DEBUG=1",
					"$(inherited)",
				);
				INFOPLIST_FILE = "ImageCropSampleTests/ImageCropSampleTests-Info.plist";
				PRODUCT_NAME = "$(TARGET_NAME)";
				TEST_HOST = "$(BUNDLE_LOADER)";
				WRAPPER_EXTENSION = xctest;
			};
			name = Debug;
		};
		46B12C6D199B4CB300CBDB32 /* Release */ = {
			isa = XCBuildConfiguration;
			buildSettings = {
				BUNDLE_LOADER = "$(BUILT_PRODUCTS_DIR)/ImageCropSample.app/ImageCropSample";
				FRAMEWORK_SEARCH_PATHS = (
					"$(SDKROOT)/Developer/Library/Frameworks",
					"$(inherited)",
					"$(DEVELOPER_FRAMEWORKS_DIR)",
				);
				GCC_PRECOMPILE_PREFIX_HEADER = YES;
				GCC_PREFIX_HEADER = "ImageCropSample/ImageCropSample-Prefix.pch";
				INFOPLIST_FILE = "ImageCropSampleTests/ImageCropSampleTests-Info.plist";
				PRODUCT_NAME = "$(TARGET_NAME)";
				TEST_HOST = "$(BUNDLE_LOADER)";
				WRAPPER_EXTENSION = xctest;
			};
			name = Release;
		};
/* End XCBuildConfiguration section */

/* Begin XCConfigurationList section */
		46B12C2E199B4CB300CBDB32 /* Build configuration list for PBXProject "ImageCropSample" */ = {
			isa = XCConfigurationList;
			buildConfigurations = (
				46B12C66199B4CB300CBDB32 /* Debug */,
				46B12C67199B4CB300CBDB32 /* Release */,
			);
			defaultConfigurationIsVisible = 0;
			defaultConfigurationName = Release;
		};
		46B12C68199B4CB300CBDB32 /* Build configuration list for PBXNativeTarget "ImageCropSample" */ = {
			isa = XCConfigurationList;
			buildConfigurations = (
				46B12C69199B4CB300CBDB32 /* Debug */,
				46B12C6A199B4CB300CBDB32 /* Release */,
			);
			defaultConfigurationIsVisible = 0;
			defaultConfigurationName = Release;
		};
		46B12C6B199B4CB300CBDB32 /* Build configuration list for PBXNativeTarget "ImageCropSampleTests" */ = {
			isa = XCConfigurationList;
			buildConfigurations = (
				46B12C6C199B4CB300CBDB32 /* Debug */,
				46B12C6D199B4CB300CBDB32 /* Release */,
			);
			defaultConfigurationIsVisible = 0;
			defaultConfigurationName = Release;
		};
/* End XCConfigurationList section */
	};
	rootObject = 46B12C2B199B4CB300CBDB32 /* Project object */;
}
